// !$*UTF8*$!
{
	archiveVersion = 1;
	classes = {
	};
	objectVersion = 50;
	objects = {

/* Begin PBXBuildFile section */
		0B5D0311249C9E5000C4ACE9 /* AppDelegate.swift in Sources */ = {isa = PBXBuildFile; fileRef = 0B5D0310249C9E5000C4ACE9 /* AppDelegate.swift */; };
		0B5D0318249C9E5000C4ACE9 /* Main.storyboard in Resources */ = {isa = PBXBuildFile; fileRef = 0B5D0316249C9E5000C4ACE9 /* Main.storyboard */; };
		0B5D031A249C9E5400C4ACE9 /* Assets.xcassets in Resources */ = {isa = PBXBuildFile; fileRef = 0B5D0319249C9E5400C4ACE9 /* Assets.xcassets */; };
		0B5D031D249C9E5400C4ACE9 /* LaunchScreen.storyboard in Resources */ = {isa = PBXBuildFile; fileRef = 0B5D031B249C9E5400C4ACE9 /* LaunchScreen.storyboard */; };
		0B5D0336249CAC9600C4ACE9 /* Models.swift in Sources */ = {isa = PBXBuildFile; fileRef = 0B5D0335249CAC9600C4ACE9 /* Models.swift */; };
		0B5D0339249CAD3500C4ACE9 /* PokemonAPI.swift in Sources */ = {isa = PBXBuildFile; fileRef = 0B5D0338249CAD3500C4ACE9 /* PokemonAPI.swift */; };
		0B5D033B249CADBE00C4ACE9 /* NetworkController.swift in Sources */ = {isa = PBXBuildFile; fileRef = 0B5D033A249CADBE00C4ACE9 /* NetworkController.swift */; };
		0B5D033D249CAE5700C4ACE9 /* NetworkError.swift in Sources */ = {isa = PBXBuildFile; fileRef = 0B5D033C249CAE5700C4ACE9 /* NetworkError.swift */; };
		0B5D0340249CAE8400C4ACE9 /* NetworkRequest.swift in Sources */ = {isa = PBXBuildFile; fileRef = 0B5D033F249CAE8400C4ACE9 /* NetworkRequest.swift */; };
		0B5D0342249CAEA100C4ACE9 /* JSONRequest.swift in Sources */ = {isa = PBXBuildFile; fileRef = 0B5D0341249CAEA100C4ACE9 /* JSONRequest.swift */; };
		0B5D0345249CAEBA00C4ACE9 /* GetEntityRequest.swift in Sources */ = {isa = PBXBuildFile; fileRef = 0B5D0344249CAEBA00C4ACE9 /* GetEntityRequest.swift */; };
		0B5D0349249CB04200C4ACE9 /* PokemonListViewController.swift in Sources */ = {isa = PBXBuildFile; fileRef = 0B5D0348249CB04200C4ACE9 /* PokemonListViewController.swift */; };
		0B5D034F249CB1D600C4ACE9 /* PokemonTableViewCell.swift in Sources */ = {isa = PBXBuildFile; fileRef = 0B5D034D249CB1D600C4ACE9 /* PokemonTableViewCell.swift */; };
		0B5D0350249CB1D700C4ACE9 /* PokemonTableViewCell.xib in Resources */ = {isa = PBXBuildFile; fileRef = 0B5D034E249CB1D600C4ACE9 /* PokemonTableViewCell.xib */; };
		0B5D0352249CB5B400C4ACE9 /* PokemonListDataSource.swift in Sources */ = {isa = PBXBuildFile; fileRef = 0B5D0351249CB5B400C4ACE9 /* PokemonListDataSource.swift */; };
		0B5D035A249CBAF800C4ACE9 /* Images in Resources */ = {isa = PBXBuildFile; fileRef = 0B5D0359249CBAF700C4ACE9 /* Images */; };
		0B5D035C249CBC7800C4ACE9 /* Refreshable.swift in Sources */ = {isa = PBXBuildFile; fileRef = 0B5D035B249CBC7800C4ACE9 /* Refreshable.swift */; };
		0B5D035F249CBD3D00C4ACE9 /* FetchPokemonListUseCase.swift in Sources */ = {isa = PBXBuildFile; fileRef = 0B5D035E249CBD3D00C4ACE9 /* FetchPokemonListUseCase.swift */; };
		0B5D0361249CC10700C4ACE9 /* UIImage.swift in Sources */ = {isa = PBXBuildFile; fileRef = 0B5D0360249CC10700C4ACE9 /* UIImage.swift */; };
		0B5D0365249CC73A00C4ACE9 /* PokemonDetailViewController.swift in Sources */ = {isa = PBXBuildFile; fileRef = 0B5D0364249CC73A00C4ACE9 /* PokemonDetailViewController.swift */; };
		0B5D0367249CCD0100C4ACE9 /* PokemonDetailDataSource.swift in Sources */ = {isa = PBXBuildFile; fileRef = 0B5D0366249CCD0100C4ACE9 /* PokemonDetailDataSource.swift */; };
		0B5D0369249CCEB900C4ACE9 /* TableViewRows.swift in Sources */ = {isa = PBXBuildFile; fileRef = 0B5D0368249CCEB900C4ACE9 /* TableViewRows.swift */; };
		0B5D036C249CD40500C4ACE9 /* FetchPokemonDetailsUseCase.swift in Sources */ = {isa = PBXBuildFile; fileRef = 0B5D036B249CD40500C4ACE9 /* FetchPokemonDetailsUseCase.swift */; };
		0B5D036E249CEA1000C4ACE9 /* Coordinator.swift in Sources */ = {isa = PBXBuildFile; fileRef = 0B5D036D249CEA1000C4ACE9 /* Coordinator.swift */; };
		0B5D0371249CEA6700C4ACE9 /* PokemonListCoordinating.swift in Sources */ = {isa = PBXBuildFile; fileRef = 0B5D0370249CEA6700C4ACE9 /* PokemonListCoordinating.swift */; };
		0B5D0375249CF39B00C4ACE9 /* PokemonNameTableViewCell.swift in Sources */ = {isa = PBXBuildFile; fileRef = 0B5D0373249CF39A00C4ACE9 /* PokemonNameTableViewCell.swift */; };
		0B5D0376249CF39B00C4ACE9 /* PokemonNameTableViewCell.xib in Resources */ = {isa = PBXBuildFile; fileRef = 0B5D0374249CF39A00C4ACE9 /* PokemonNameTableViewCell.xib */; };
		0B5D0379249CF4AC00C4ACE9 /* PokemonImagesTableViewCell.swift in Sources */ = {isa = PBXBuildFile; fileRef = 0B5D0377249CF4AC00C4ACE9 /* PokemonImagesTableViewCell.swift */; };
		0B5D037A249CF4AC00C4ACE9 /* PokemonImagesTableViewCell.xib in Resources */ = {isa = PBXBuildFile; fileRef = 0B5D0378249CF4AC00C4ACE9 /* PokemonImagesTableViewCell.xib */; };
		0B5D037D249CF8E100C4ACE9 /* PokemonPropertiesTableViewCell.swift in Sources */ = {isa = PBXBuildFile; fileRef = 0B5D037B249CF8E100C4ACE9 /* PokemonPropertiesTableViewCell.swift */; };
		0B5D037E249CF8E100C4ACE9 /* PokemonPropertiesTableViewCell.xib in Resources */ = {isa = PBXBuildFile; fileRef = 0B5D037C249CF8E100C4ACE9 /* PokemonPropertiesTableViewCell.xib */; };
		0B5D0383249D164D00C4ACE9 /* PersistenceController.swift in Sources */ = {isa = PBXBuildFile; fileRef = 0B5D0382249D164D00C4ACE9 /* PersistenceController.swift */; };
		0B6A88D1249D27C500AF745B /* NetworkRequestsTests.swift in Sources */ = {isa = PBXBuildFile; fileRef = 0B6A88D0249D27C500AF745B /* NetworkRequestsTests.swift */; };
		0B6A88D3249D287400AF745B /* ModelTests.swift in Sources */ = {isa = PBXBuildFile; fileRef = 0B6A88D2249D287400AF745B /* ModelTests.swift */; };
		0B6A88D5249D2A2000AF745B /* UIImageExtensionTests.swift in Sources */ = {isa = PBXBuildFile; fileRef = 0B6A88D4249D2A2000AF745B /* UIImageExtensionTests.swift */; };
		0B6A88D8249E77BA00AF745B /* LoadingTableViewCell.swift in Sources */ = {isa = PBXBuildFile; fileRef = 0B6A88D6249E77BA00AF745B /* LoadingTableViewCell.swift */; };
		0B6A88D9249E77BA00AF745B /* LoadingTableViewCell.xib in Resources */ = {isa = PBXBuildFile; fileRef = 0B6A88D7249E77BA00AF745B /* LoadingTableViewCell.xib */; };
		0B6A88DB249E854300AF745B /* PokemonListDataSourceTests.swift in Sources */ = {isa = PBXBuildFile; fileRef = 0B6A88DA249E854300AF745B /* PokemonListDataSourceTests.swift */; };
		0B6A88DD24A254A200AF745B /* UITableView.swift in Sources */ = {isa = PBXBuildFile; fileRef = 0B6A88DC24A254A200AF745B /* UITableView.swift */; };
/* End PBXBuildFile section */

/* Begin PBXContainerItemProxy section */
		0B5D0324249C9E5400C4ACE9 /* PBXContainerItemProxy */ = {
			isa = PBXContainerItemProxy;
			containerPortal = 0B5D0305249C9E5000C4ACE9 /* Project object */;
			proxyType = 1;
			remoteGlobalIDString = 0B5D030C249C9E5000C4ACE9;
			remoteInfo = PokemonLister;
		};
/* End PBXContainerItemProxy section */

/* Begin PBXFileReference section */
		0B5D030D249C9E5000C4ACE9 /* PokemonLister.app */ = {isa = PBXFileReference; explicitFileType = wrapper.application; includeInIndex = 0; path = PokemonLister.app; sourceTree = BUILT_PRODUCTS_DIR; };
		0B5D0310249C9E5000C4ACE9 /* AppDelegate.swift */ = {isa = PBXFileReference; lastKnownFileType = sourcecode.swift; path = AppDelegate.swift; sourceTree = "<group>"; };
		0B5D0317249C9E5000C4ACE9 /* Base */ = {isa = PBXFileReference; lastKnownFileType = file.storyboard; name = Base; path = Base.lproj/Main.storyboard; sourceTree = "<group>"; };
		0B5D0319249C9E5400C4ACE9 /* Assets.xcassets */ = {isa = PBXFileReference; lastKnownFileType = folder.assetcatalog; path = Assets.xcassets; sourceTree = "<group>"; };
		0B5D031C249C9E5400C4ACE9 /* Base */ = {isa = PBXFileReference; lastKnownFileType = file.storyboard; name = Base; path = Base.lproj/LaunchScreen.storyboard; sourceTree = "<group>"; };
		0B5D031E249C9E5400C4ACE9 /* Info.plist */ = {isa = PBXFileReference; lastKnownFileType = text.plist.xml; path = Info.plist; sourceTree = "<group>"; };
		0B5D0323249C9E5400C4ACE9 /* PokemonListerTests.xctest */ = {isa = PBXFileReference; explicitFileType = wrapper.cfbundle; includeInIndex = 0; path = PokemonListerTests.xctest; sourceTree = BUILT_PRODUCTS_DIR; };
		0B5D0329249C9E5500C4ACE9 /* Info.plist */ = {isa = PBXFileReference; lastKnownFileType = text.plist.xml; path = Info.plist; sourceTree = "<group>"; };
		0B5D0335249CAC9600C4ACE9 /* Models.swift */ = {isa = PBXFileReference; lastKnownFileType = sourcecode.swift; path = Models.swift; sourceTree = "<group>"; };
		0B5D0338249CAD3500C4ACE9 /* PokemonAPI.swift */ = {isa = PBXFileReference; lastKnownFileType = sourcecode.swift; path = PokemonAPI.swift; sourceTree = "<group>"; };
		0B5D033A249CADBE00C4ACE9 /* NetworkController.swift */ = {isa = PBXFileReference; lastKnownFileType = sourcecode.swift; path = NetworkController.swift; sourceTree = "<group>"; };
		0B5D033C249CAE5700C4ACE9 /* NetworkError.swift */ = {isa = PBXFileReference; lastKnownFileType = sourcecode.swift; path = NetworkError.swift; sourceTree = "<group>"; };
		0B5D033F249CAE8400C4ACE9 /* NetworkRequest.swift */ = {isa = PBXFileReference; lastKnownFileType = sourcecode.swift; path = NetworkRequest.swift; sourceTree = "<group>"; };
		0B5D0341249CAEA100C4ACE9 /* JSONRequest.swift */ = {isa = PBXFileReference; lastKnownFileType = sourcecode.swift; path = JSONRequest.swift; sourceTree = "<group>"; };
		0B5D0344249CAEBA00C4ACE9 /* GetEntityRequest.swift */ = {isa = PBXFileReference; lastKnownFileType = sourcecode.swift; path = GetEntityRequest.swift; sourceTree = "<group>"; };
		0B5D0348249CB04200C4ACE9 /* PokemonListViewController.swift */ = {isa = PBXFileReference; lastKnownFileType = sourcecode.swift; path = PokemonListViewController.swift; sourceTree = "<group>"; };
		0B5D034D249CB1D600C4ACE9 /* PokemonTableViewCell.swift */ = {isa = PBXFileReference; lastKnownFileType = sourcecode.swift; path = PokemonTableViewCell.swift; sourceTree = "<group>"; };
		0B5D034E249CB1D600C4ACE9 /* PokemonTableViewCell.xib */ = {isa = PBXFileReference; lastKnownFileType = file.xib; path = PokemonTableViewCell.xib; sourceTree = "<group>"; };
		0B5D0351249CB5B400C4ACE9 /* PokemonListDataSource.swift */ = {isa = PBXFileReference; lastKnownFileType = sourcecode.swift; path = PokemonListDataSource.swift; sourceTree = "<group>"; };
		0B5D0359249CBAF700C4ACE9 /* Images */ = {isa = PBXFileReference; lastKnownFileType = folder; path = Images; sourceTree = "<group>"; };
		0B5D035B249CBC7800C4ACE9 /* Refreshable.swift */ = {isa = PBXFileReference; lastKnownFileType = sourcecode.swift; path = Refreshable.swift; sourceTree = "<group>"; };
		0B5D035E249CBD3D00C4ACE9 /* FetchPokemonListUseCase.swift */ = {isa = PBXFileReference; lastKnownFileType = sourcecode.swift; path = FetchPokemonListUseCase.swift; sourceTree = "<group>"; };
		0B5D0360249CC10700C4ACE9 /* UIImage.swift */ = {isa = PBXFileReference; lastKnownFileType = sourcecode.swift; path = UIImage.swift; sourceTree = "<group>"; };
		0B5D0364249CC73A00C4ACE9 /* PokemonDetailViewController.swift */ = {isa = PBXFileReference; lastKnownFileType = sourcecode.swift; path = PokemonDetailViewController.swift; sourceTree = "<group>"; };
		0B5D0366249CCD0100C4ACE9 /* PokemonDetailDataSource.swift */ = {isa = PBXFileReference; lastKnownFileType = sourcecode.swift; path = PokemonDetailDataSource.swift; sourceTree = "<group>"; };
		0B5D0368249CCEB900C4ACE9 /* TableViewRows.swift */ = {isa = PBXFileReference; lastKnownFileType = sourcecode.swift; path = TableViewRows.swift; sourceTree = "<group>"; };
		0B5D036B249CD40500C4ACE9 /* FetchPokemonDetailsUseCase.swift */ = {isa = PBXFileReference; lastKnownFileType = sourcecode.swift; path = FetchPokemonDetailsUseCase.swift; sourceTree = "<group>"; };
		0B5D036D249CEA1000C4ACE9 /* Coordinator.swift */ = {isa = PBXFileReference; lastKnownFileType = sourcecode.swift; path = Coordinator.swift; sourceTree = "<group>"; };
		0B5D0370249CEA6700C4ACE9 /* PokemonListCoordinating.swift */ = {isa = PBXFileReference; lastKnownFileType = sourcecode.swift; path = PokemonListCoordinating.swift; sourceTree = "<group>"; };
		0B5D0373249CF39A00C4ACE9 /* PokemonNameTableViewCell.swift */ = {isa = PBXFileReference; lastKnownFileType = sourcecode.swift; path = PokemonNameTableViewCell.swift; sourceTree = "<group>"; };
		0B5D0374249CF39A00C4ACE9 /* PokemonNameTableViewCell.xib */ = {isa = PBXFileReference; lastKnownFileType = file.xib; path = PokemonNameTableViewCell.xib; sourceTree = "<group>"; };
		0B5D0377249CF4AC00C4ACE9 /* PokemonImagesTableViewCell.swift */ = {isa = PBXFileReference; lastKnownFileType = sourcecode.swift; path = PokemonImagesTableViewCell.swift; sourceTree = "<group>"; };
		0B5D0378249CF4AC00C4ACE9 /* PokemonImagesTableViewCell.xib */ = {isa = PBXFileReference; lastKnownFileType = file.xib; path = PokemonImagesTableViewCell.xib; sourceTree = "<group>"; };
		0B5D037B249CF8E100C4ACE9 /* PokemonPropertiesTableViewCell.swift */ = {isa = PBXFileReference; lastKnownFileType = sourcecode.swift; path = PokemonPropertiesTableViewCell.swift; sourceTree = "<group>"; };
		0B5D037C249CF8E100C4ACE9 /* PokemonPropertiesTableViewCell.xib */ = {isa = PBXFileReference; lastKnownFileType = file.xib; path = PokemonPropertiesTableViewCell.xib; sourceTree = "<group>"; };
		0B5D0382249D164D00C4ACE9 /* PersistenceController.swift */ = {isa = PBXFileReference; lastKnownFileType = sourcecode.swift; path = PersistenceController.swift; sourceTree = "<group>"; };
		0B6A88CF249D27C500AF745B /* PokemonListerTests-Bridging-Header.h */ = {isa = PBXFileReference; lastKnownFileType = sourcecode.c.h; path = "PokemonListerTests-Bridging-Header.h"; sourceTree = "<group>"; };
		0B6A88D0249D27C500AF745B /* NetworkRequestsTests.swift */ = {isa = PBXFileReference; lastKnownFileType = sourcecode.swift; path = NetworkRequestsTests.swift; sourceTree = "<group>"; };
		0B6A88D2249D287400AF745B /* ModelTests.swift */ = {isa = PBXFileReference; lastKnownFileType = sourcecode.swift; path = ModelTests.swift; sourceTree = "<group>"; };
		0B6A88D4249D2A2000AF745B /* UIImageExtensionTests.swift */ = {isa = PBXFileReference; lastKnownFileType = sourcecode.swift; path = UIImageExtensionTests.swift; sourceTree = "<group>"; };
		0B6A88D6249E77BA00AF745B /* LoadingTableViewCell.swift */ = {isa = PBXFileReference; lastKnownFileType = sourcecode.swift; path = LoadingTableViewCell.swift; sourceTree = "<group>"; };
		0B6A88D7249E77BA00AF745B /* LoadingTableViewCell.xib */ = {isa = PBXFileReference; lastKnownFileType = file.xib; path = LoadingTableViewCell.xib; sourceTree = "<group>"; };
		0B6A88DA249E854300AF745B /* PokemonListDataSourceTests.swift */ = {isa = PBXFileReference; lastKnownFileType = sourcecode.swift; path = PokemonListDataSourceTests.swift; sourceTree = "<group>"; };
		0B6A88DC24A254A200AF745B /* UITableView.swift */ = {isa = PBXFileReference; lastKnownFileType = sourcecode.swift; path = UITableView.swift; sourceTree = "<group>"; };
/* End PBXFileReference section */

/* Begin PBXFrameworksBuildPhase section */
		0B5D030A249C9E5000C4ACE9 /* Frameworks */ = {
			isa = PBXFrameworksBuildPhase;
			buildActionMask = 2147483647;
			files = (
			);
			runOnlyForDeploymentPostprocessing = 0;
		};
		0B5D0320249C9E5400C4ACE9 /* Frameworks */ = {
			isa = PBXFrameworksBuildPhase;
			buildActionMask = 2147483647;
			files = (
			);
			runOnlyForDeploymentPostprocessing = 0;
		};
/* End PBXFrameworksBuildPhase section */

/* Begin PBXGroup section */
		0B5D0304249C9E4F00C4ACE9 = {
			isa = PBXGroup;
			children = (
				0B5D030F249C9E5000C4ACE9 /* PokemonLister */,
				0B5D0326249C9E5400C4ACE9 /* PokemonListerTests */,
				0B5D030E249C9E5000C4ACE9 /* Products */,
			);
			sourceTree = "<group>";
		};
		0B5D030E249C9E5000C4ACE9 /* Products */ = {
			isa = PBXGroup;
			children = (
				0B5D030D249C9E5000C4ACE9 /* PokemonLister.app */,
				0B5D0323249C9E5400C4ACE9 /* PokemonListerTests.xctest */,
			);
			name = Products;
			sourceTree = "<group>";
		};
		0B5D030F249C9E5000C4ACE9 /* PokemonLister */ = {
			isa = PBXGroup;
			children = (
				0B5D036D249CEA1000C4ACE9 /* Coordinator.swift */,
				0B5D0382249D164D00C4ACE9 /* PersistenceController.swift */,
				0B5D0356249CB98700C4ACE9 /* Extensions */,
				0B5D0346249CB01600C4ACE9 /* PokemonList */,
				0B5D0362249CC72000C4ACE9 /* PokemonDetail */,
				0B5D0337249CAD0F00C4ACE9 /* Network */,
				0B5D0332249CAC7800C4ACE9 /* Model */,
				0B5D0310249C9E5000C4ACE9 /* AppDelegate.swift */,
				0B5D0359249CBAF700C4ACE9 /* Images */,
				0B5D0316249C9E5000C4ACE9 /* Main.storyboard */,
				0B5D0319249C9E5400C4ACE9 /* Assets.xcassets */,
				0B5D031B249C9E5400C4ACE9 /* LaunchScreen.storyboard */,
				0B5D031E249C9E5400C4ACE9 /* Info.plist */,
			);
			path = PokemonLister;
			sourceTree = "<group>";
		};
		0B5D0326249C9E5400C4ACE9 /* PokemonListerTests */ = {
			isa = PBXGroup;
			children = (
				0B6A88CF249D27C500AF745B /* PokemonListerTests-Bridging-Header.h */,
				0B5D0329249C9E5500C4ACE9 /* Info.plist */,
				0B6A88D2249D287400AF745B /* ModelTests.swift */,
				0B6A88D4249D2A2000AF745B /* UIImageExtensionTests.swift */,
				0B6A88D0249D27C500AF745B /* NetworkRequestsTests.swift */,
				0B6A88DA249E854300AF745B /* PokemonListDataSourceTests.swift */,
			);
			path = PokemonListerTests;
			sourceTree = "<group>";
		};
		0B5D0332249CAC7800C4ACE9 /* Model */ = {
			isa = PBXGroup;
			children = (
				0B5D0335249CAC9600C4ACE9 /* Models.swift */,
			);
			path = Model;
			sourceTree = "<group>";
		};
		0B5D0337249CAD0F00C4ACE9 /* Network */ = {
			isa = PBXGroup;
			children = (
				0B5D033E249CAE6F00C4ACE9 /* Requests */,
				0B5D0338249CAD3500C4ACE9 /* PokemonAPI.swift */,
				0B5D033A249CADBE00C4ACE9 /* NetworkController.swift */,
				0B5D033C249CAE5700C4ACE9 /* NetworkError.swift */,
			);
			path = Network;
			sourceTree = "<group>";
		};
		0B5D033E249CAE6F00C4ACE9 /* Requests */ = {
			isa = PBXGroup;
			children = (
				0B5D033F249CAE8400C4ACE9 /* NetworkRequest.swift */,
				0B5D0341249CAEA100C4ACE9 /* JSONRequest.swift */,
				0B5D0344249CAEBA00C4ACE9 /* GetEntityRequest.swift */,
			);
			path = Requests;
			sourceTree = "<group>";
		};
		0B5D0346249CB01600C4ACE9 /* PokemonList */ = {
			isa = PBXGroup;
			children = (
				0B5D036F249CEA5700C4ACE9 /* Coordinator */,
				0B5D035D249CBD2D00C4ACE9 /* UseCase */,
				0B5D034A249CB17400C4ACE9 /* View */,
				0B5D0347249CB02000C4ACE9 /* ViewController */,
			);
			path = PokemonList;
			sourceTree = "<group>";
		};
		0B5D0347249CB02000C4ACE9 /* ViewController */ = {
			isa = PBXGroup;
			children = (
				0B5D0348249CB04200C4ACE9 /* PokemonListViewController.swift */,
				0B5D0351249CB5B400C4ACE9 /* PokemonListDataSource.swift */,
				0B5D035B249CBC7800C4ACE9 /* Refreshable.swift */,
			);
			path = ViewController;
			sourceTree = "<group>";
		};
		0B5D034A249CB17400C4ACE9 /* View */ = {
			isa = PBXGroup;
			children = (
				0B5D034D249CB1D600C4ACE9 /* PokemonTableViewCell.swift */,
				0B5D034E249CB1D600C4ACE9 /* PokemonTableViewCell.xib */,
				0B6A88D6249E77BA00AF745B /* LoadingTableViewCell.swift */,
				0B6A88D7249E77BA00AF745B /* LoadingTableViewCell.xib */,
			);
			path = View;
			sourceTree = "<group>";
		};
		0B5D0356249CB98700C4ACE9 /* Extensions */ = {
			isa = PBXGroup;
			children = (
				0B5D0360249CC10700C4ACE9 /* UIImage.swift */,
				0B6A88DC24A254A200AF745B /* UITableView.swift */,
			);
			path = Extensions;
			sourceTree = "<group>";
		};
		0B5D035D249CBD2D00C4ACE9 /* UseCase */ = {
			isa = PBXGroup;
			children = (
				0B5D035E249CBD3D00C4ACE9 /* FetchPokemonListUseCase.swift */,
			);
			path = UseCase;
			sourceTree = "<group>";
		};
		0B5D0362249CC72000C4ACE9 /* PokemonDetail */ = {
			isa = PBXGroup;
			children = (
				0B5D036A249CD3F200C4ACE9 /* UseCase */,
				0B5D0363249CC72C00C4ACE9 /* ViewController */,
				0B5D0372249CF38000C4ACE9 /* View */,
			);
			path = PokemonDetail;
			sourceTree = "<group>";
		};
		0B5D0363249CC72C00C4ACE9 /* ViewController */ = {
			isa = PBXGroup;
			children = (
				0B5D0364249CC73A00C4ACE9 /* PokemonDetailViewController.swift */,
				0B5D0366249CCD0100C4ACE9 /* PokemonDetailDataSource.swift */,
				0B5D0368249CCEB900C4ACE9 /* TableViewRows.swift */,
			);
			path = ViewController;
			sourceTree = "<group>";
		};
		0B5D036A249CD3F200C4ACE9 /* UseCase */ = {
			isa = PBXGroup;
			children = (
				0B5D036B249CD40500C4ACE9 /* FetchPokemonDetailsUseCase.swift */,
			);
			path = UseCase;
			sourceTree = "<group>";
		};
		0B5D036F249CEA5700C4ACE9 /* Coordinator */ = {
			isa = PBXGroup;
			children = (
				0B5D0370249CEA6700C4ACE9 /* PokemonListCoordinating.swift */,
			);
			path = Coordinator;
			sourceTree = "<group>";
		};
		0B5D0372249CF38000C4ACE9 /* View */ = {
			isa = PBXGroup;
			children = (
				0B5D0373249CF39A00C4ACE9 /* PokemonNameTableViewCell.swift */,
				0B5D0374249CF39A00C4ACE9 /* PokemonNameTableViewCell.xib */,
				0B5D0377249CF4AC00C4ACE9 /* PokemonImagesTableViewCell.swift */,
				0B5D0378249CF4AC00C4ACE9 /* PokemonImagesTableViewCell.xib */,
				0B5D037B249CF8E100C4ACE9 /* PokemonPropertiesTableViewCell.swift */,
				0B5D037C249CF8E100C4ACE9 /* PokemonPropertiesTableViewCell.xib */,
			);
			path = View;
			sourceTree = "<group>";
		};
/* End PBXGroup section */

/* Begin PBXNativeTarget section */
		0B5D030C249C9E5000C4ACE9 /* PokemonLister */ = {
			isa = PBXNativeTarget;
			buildConfigurationList = 0B5D032C249C9E5500C4ACE9 /* Build configuration list for PBXNativeTarget "PokemonLister" */;
			buildPhases = (
				0B5D0309249C9E5000C4ACE9 /* Sources */,
				0B5D030A249C9E5000C4ACE9 /* Frameworks */,
				0B5D030B249C9E5000C4ACE9 /* Resources */,
			);
			buildRules = (
			);
			dependencies = (
			);
			name = PokemonLister;
			productName = PokemonLister;
			productReference = 0B5D030D249C9E5000C4ACE9 /* PokemonLister.app */;
			productType = "com.apple.product-type.application";
		};
		0B5D0322249C9E5400C4ACE9 /* PokemonListerTests */ = {
			isa = PBXNativeTarget;
			buildConfigurationList = 0B5D032F249C9E5500C4ACE9 /* Build configuration list for PBXNativeTarget "PokemonListerTests" */;
			buildPhases = (
				0B5D031F249C9E5400C4ACE9 /* Sources */,
				0B5D0320249C9E5400C4ACE9 /* Frameworks */,
				0B5D0321249C9E5400C4ACE9 /* Resources */,
			);
			buildRules = (
			);
			dependencies = (
				0B5D0325249C9E5400C4ACE9 /* PBXTargetDependency */,
			);
			name = PokemonListerTests;
			productName = PokemonListerTests;
			productReference = 0B5D0323249C9E5400C4ACE9 /* PokemonListerTests.xctest */;
			productType = "com.apple.product-type.bundle.unit-test";
		};
/* End PBXNativeTarget section */

/* Begin PBXProject section */
		0B5D0305249C9E5000C4ACE9 /* Project object */ = {
			isa = PBXProject;
			attributes = {
				LastSwiftUpdateCheck = 1150;
				LastUpgradeCheck = 1150;
				ORGANIZATIONNAME = adriantineo;
				TargetAttributes = {
					0B5D030C249C9E5000C4ACE9 = {
						CreatedOnToolsVersion = 11.5;
					};
					0B5D0322249C9E5400C4ACE9 = {
						CreatedOnToolsVersion = 11.5;
						LastSwiftMigration = 1150;
						TestTargetID = 0B5D030C249C9E5000C4ACE9;
					};
				};
			};
			buildConfigurationList = 0B5D0308249C9E5000C4ACE9 /* Build configuration list for PBXProject "PokemonLister" */;
			compatibilityVersion = "Xcode 9.3";
			developmentRegion = en;
			hasScannedForEncodings = 0;
			knownRegions = (
				en,
				Base,
			);
			mainGroup = 0B5D0304249C9E4F00C4ACE9;
			productRefGroup = 0B5D030E249C9E5000C4ACE9 /* Products */;
			projectDirPath = "";
			projectRoot = "";
			targets = (
				0B5D030C249C9E5000C4ACE9 /* PokemonLister */,
				0B5D0322249C9E5400C4ACE9 /* PokemonListerTests */,
			);
		};
/* End PBXProject section */

/* Begin PBXResourcesBuildPhase section */
		0B5D030B249C9E5000C4ACE9 /* Resources */ = {
			isa = PBXResourcesBuildPhase;
			buildActionMask = 2147483647;
			files = (
				0B5D0376249CF39B00C4ACE9 /* PokemonNameTableViewCell.xib in Resources */,
				0B5D035A249CBAF800C4ACE9 /* Images in Resources */,
				0B5D031D249C9E5400C4ACE9 /* LaunchScreen.storyboard in Resources */,
				0B6A88D9249E77BA00AF745B /* LoadingTableViewCell.xib in Resources */,
				0B5D037A249CF4AC00C4ACE9 /* PokemonImagesTableViewCell.xib in Resources */,
				0B5D037E249CF8E100C4ACE9 /* PokemonPropertiesTableViewCell.xib in Resources */,
				0B5D0350249CB1D700C4ACE9 /* PokemonTableViewCell.xib in Resources */,
				0B5D031A249C9E5400C4ACE9 /* Assets.xcassets in Resources */,
				0B5D0318249C9E5000C4ACE9 /* Main.storyboard in Resources */,
			);
			runOnlyForDeploymentPostprocessing = 0;
		};
		0B5D0321249C9E5400C4ACE9 /* Resources */ = {
			isa = PBXResourcesBuildPhase;
			buildActionMask = 2147483647;
			files = (
			);
			runOnlyForDeploymentPostprocessing = 0;
		};
/* End PBXResourcesBuildPhase section */

/* Begin PBXSourcesBuildPhase section */
		0B5D0309249C9E5000C4ACE9 /* Sources */ = {
			isa = PBXSourcesBuildPhase;
			buildActionMask = 2147483647;
			files = (
				0B5D035F249CBD3D00C4ACE9 /* FetchPokemonListUseCase.swift in Sources */,
				0B5D035C249CBC7800C4ACE9 /* Refreshable.swift in Sources */,
				0B5D036C249CD40500C4ACE9 /* FetchPokemonDetailsUseCase.swift in Sources */,
				0B5D0345249CAEBA00C4ACE9 /* GetEntityRequest.swift in Sources */,
				0B5D0336249CAC9600C4ACE9 /* Models.swift in Sources */,
				0B5D033D249CAE5700C4ACE9 /* NetworkError.swift in Sources */,
				0B5D0361249CC10700C4ACE9 /* UIImage.swift in Sources */,
				0B5D0339249CAD3500C4ACE9 /* PokemonAPI.swift in Sources */,
				0B5D0311249C9E5000C4ACE9 /* AppDelegate.swift in Sources */,
				0B5D0379249CF4AC00C4ACE9 /* PokemonImagesTableViewCell.swift in Sources */,
				0B6A88D8249E77BA00AF745B /* LoadingTableViewCell.swift in Sources */,
				0B5D0371249CEA6700C4ACE9 /* PokemonListCoordinating.swift in Sources */,
				0B5D033B249CADBE00C4ACE9 /* NetworkController.swift in Sources */,
				0B5D0342249CAEA100C4ACE9 /* JSONRequest.swift in Sources */,
				0B5D0369249CCEB900C4ACE9 /* TableViewRows.swift in Sources */,
				0B5D034F249CB1D600C4ACE9 /* PokemonTableViewCell.swift in Sources */,
				0B5D0340249CAE8400C4ACE9 /* NetworkRequest.swift in Sources */,
				0B5D0375249CF39B00C4ACE9 /* PokemonNameTableViewCell.swift in Sources */,
				0B5D0367249CCD0100C4ACE9 /* PokemonDetailDataSource.swift in Sources */,
				0B5D0352249CB5B400C4ACE9 /* PokemonListDataSource.swift in Sources */,
				0B5D0349249CB04200C4ACE9 /* PokemonListViewController.swift in Sources */,
				0B5D0365249CC73A00C4ACE9 /* PokemonDetailViewController.swift in Sources */,
				0B5D0383249D164D00C4ACE9 /* PersistenceController.swift in Sources */,
				0B6A88DD24A254A200AF745B /* UITableView.swift in Sources */,
				0B5D036E249CEA1000C4ACE9 /* Coordinator.swift in Sources */,
				0B5D037D249CF8E100C4ACE9 /* PokemonPropertiesTableViewCell.swift in Sources */,
			);
			runOnlyForDeploymentPostprocessing = 0;
		};
		0B5D031F249C9E5400C4ACE9 /* Sources */ = {
			isa = PBXSourcesBuildPhase;
			buildActionMask = 2147483647;
			files = (
				0B6A88DB249E854300AF745B /* PokemonListDataSourceTests.swift in Sources */,
				0B6A88D1249D27C500AF745B /* NetworkRequestsTests.swift in Sources */,
				0B6A88D5249D2A2000AF745B /* UIImageExtensionTests.swift in Sources */,
				0B6A88D3249D287400AF745B /* ModelTests.swift in Sources */,
			);
			runOnlyForDeploymentPostprocessing = 0;
		};
/* End PBXSourcesBuildPhase section */

/* Begin PBXTargetDependency section */
		0B5D0325249C9E5400C4ACE9 /* PBXTargetDependency */ = {
			isa = PBXTargetDependency;
			target = 0B5D030C249C9E5000C4ACE9 /* PokemonLister */;
			targetProxy = 0B5D0324249C9E5400C4ACE9 /* PBXContainerItemProxy */;
		};
/* End PBXTargetDependency section */

/* Begin PBXVariantGroup section */
		0B5D0316249C9E5000C4ACE9 /* Main.storyboard */ = {
			isa = PBXVariantGroup;
			children = (
				0B5D0317249C9E5000C4ACE9 /* Base */,
			);
			name = Main.storyboard;
			sourceTree = "<group>";
		};
		0B5D031B249C9E5400C4ACE9 /* LaunchScreen.storyboard */ = {
			isa = PBXVariantGroup;
			children = (
				0B5D031C249C9E5400C4ACE9 /* Base */,
			);
			name = LaunchScreen.storyboard;
			sourceTree = "<group>";
		};
/* End PBXVariantGroup section */

/* Begin XCBuildConfiguration section */
		0B5D032A249C9E5500C4ACE9 /* Debug */ = {
			isa = XCBuildConfiguration;
			buildSettings = {
				ALWAYS_SEARCH_USER_PATHS = NO;
				CLANG_ANALYZER_NONNULL = YES;
				CLANG_ANALYZER_NUMBER_OBJECT_CONVERSION = YES_AGGRESSIVE;
				CLANG_CXX_LANGUAGE_STANDARD = "gnu++14";
				CLANG_CXX_LIBRARY = "libc++";
				CLANG_ENABLE_MODULES = YES;
				CLANG_ENABLE_OBJC_ARC = YES;
				CLANG_ENABLE_OBJC_WEAK = YES;
				CLANG_WARN_BLOCK_CAPTURE_AUTORELEASING = YES;
				CLANG_WARN_BOOL_CONVERSION = YES;
				CLANG_WARN_COMMA = YES;
				CLANG_WARN_CONSTANT_CONVERSION = YES;
				CLANG_WARN_DEPRECATED_OBJC_IMPLEMENTATIONS = YES;
				CLANG_WARN_DIRECT_OBJC_ISA_USAGE = YES_ERROR;
				CLANG_WARN_DOCUMENTATION_COMMENTS = YES;
				CLANG_WARN_EMPTY_BODY = YES;
				CLANG_WARN_ENUM_CONVERSION = YES;
				CLANG_WARN_INFINITE_RECURSION = YES;
				CLANG_WARN_INT_CONVERSION = YES;
				CLANG_WARN_NON_LITERAL_NULL_CONVERSION = YES;
				CLANG_WARN_OBJC_IMPLICIT_RETAIN_SELF = YES;
				CLANG_WARN_OBJC_LITERAL_CONVERSION = YES;
				CLANG_WARN_OBJC_ROOT_CLASS = YES_ERROR;
				CLANG_WARN_RANGE_LOOP_ANALYSIS = YES;
				CLANG_WARN_STRICT_PROTOTYPES = YES;
				CLANG_WARN_SUSPICIOUS_MOVE = YES;
				CLANG_WARN_UNGUARDED_AVAILABILITY = YES_AGGRESSIVE;
				CLANG_WARN_UNREACHABLE_CODE = YES;
				CLANG_WARN__DUPLICATE_METHOD_MATCH = YES;
				COPY_PHASE_STRIP = NO;
				DEBUG_INFORMATION_FORMAT = dwarf;
				ENABLE_STRICT_OBJC_MSGSEND = YES;
				ENABLE_TESTABILITY = YES;
				GCC_C_LANGUAGE_STANDARD = gnu11;
				GCC_DYNAMIC_NO_PIC = NO;
				GCC_NO_COMMON_BLOCKS = YES;
				GCC_OPTIMIZATION_LEVEL = 0;
				GCC_PREPROCESSOR_DEFINITIONS = (
					"DEBUG=1",
					"$(inherited)",
				);
				GCC_WARN_64_TO_32_BIT_CONVERSION = YES;
				GCC_WARN_ABOUT_RETURN_TYPE = YES_ERROR;
				GCC_WARN_UNDECLARED_SELECTOR = YES;
				GCC_WARN_UNINITIALIZED_AUTOS = YES_AGGRESSIVE;
				GCC_WARN_UNUSED_FUNCTION = YES;
				GCC_WARN_UNUSED_VARIABLE = YES;
				IPHONEOS_DEPLOYMENT_TARGET = 13.5;
				MTL_ENABLE_DEBUG_INFO = INCLUDE_SOURCE;
				MTL_FAST_MATH = YES;
				ONLY_ACTIVE_ARCH = YES;
				SDKROOT = iphoneos;
				SWIFT_ACTIVE_COMPILATION_CONDITIONS = DEBUG;
				SWIFT_OPTIMIZATION_LEVEL = "-Onone";
			};
			name = Debug;
		};
		0B5D032B249C9E5500C4ACE9 /* Release */ = {
			isa = XCBuildConfiguration;
			buildSettings = {
				ALWAYS_SEARCH_USER_PATHS = NO;
				CLANG_ANALYZER_NONNULL = YES;
				CLANG_ANALYZER_NUMBER_OBJECT_CONVERSION = YES_AGGRESSIVE;
				CLANG_CXX_LANGUAGE_STANDARD = "gnu++14";
				CLANG_CXX_LIBRARY = "libc++";
				CLANG_ENABLE_MODULES = YES;
				CLANG_ENABLE_OBJC_ARC = YES;
				CLANG_ENABLE_OBJC_WEAK = YES;
				CLANG_WARN_BLOCK_CAPTURE_AUTORELEASING = YES;
				CLANG_WARN_BOOL_CONVERSION = YES;
				CLANG_WARN_COMMA = YES;
				CLANG_WARN_CONSTANT_CONVERSION = YES;
				CLANG_WARN_DEPRECATED_OBJC_IMPLEMENTATIONS = YES;
				CLANG_WARN_DIRECT_OBJC_ISA_USAGE = YES_ERROR;
				CLANG_WARN_DOCUMENTATION_COMMENTS = YES;
				CLANG_WARN_EMPTY_BODY = YES;
				CLANG_WARN_ENUM_CONVERSION = YES;
				CLANG_WARN_INFINITE_RECURSION = YES;
				CLANG_WARN_INT_CONVERSION = YES;
				CLANG_WARN_NON_LITERAL_NULL_CONVERSION = YES;
				CLANG_WARN_OBJC_IMPLICIT_RETAIN_SELF = YES;
				CLANG_WARN_OBJC_LITERAL_CONVERSION = YES;
				CLANG_WARN_OBJC_ROOT_CLASS = YES_ERROR;
				CLANG_WARN_RANGE_LOOP_ANALYSIS = YES;
				CLANG_WARN_STRICT_PROTOTYPES = YES;
				CLANG_WARN_SUSPICIOUS_MOVE = YES;
				CLANG_WARN_UNGUARDED_AVAILABILITY = YES_AGGRESSIVE;
				CLANG_WARN_UNREACHABLE_CODE = YES;
				CLANG_WARN__DUPLICATE_METHOD_MATCH = YES;
				COPY_PHASE_STRIP = NO;
				DEBUG_INFORMATION_FORMAT = "dwarf-with-dsym";
				ENABLE_NS_ASSERTIONS = NO;
				ENABLE_STRICT_OBJC_MSGSEND = YES;
				GCC_C_LANGUAGE_STANDARD = gnu11;
				GCC_NO_COMMON_BLOCKS = YES;
				GCC_WARN_64_TO_32_BIT_CONVERSION = YES;
				GCC_WARN_ABOUT_RETURN_TYPE = YES_ERROR;
				GCC_WARN_UNDECLARED_SELECTOR = YES;
				GCC_WARN_UNINITIALIZED_AUTOS = YES_AGGRESSIVE;
				GCC_WARN_UNUSED_FUNCTION = YES;
				GCC_WARN_UNUSED_VARIABLE = YES;
				IPHONEOS_DEPLOYMENT_TARGET = 13.5;
				MTL_ENABLE_DEBUG_INFO = NO;
				MTL_FAST_MATH = YES;
				SDKROOT = iphoneos;
				SWIFT_COMPILATION_MODE = wholemodule;
				SWIFT_OPTIMIZATION_LEVEL = "-O";
				VALIDATE_PRODUCT = YES;
			};
			name = Release;
		};
		0B5D032D249C9E5500C4ACE9 /* Debug */ = {
			isa = XCBuildConfiguration;
			buildSettings = {
				ASSETCATALOG_COMPILER_APPICON_NAME = AppIcon;
				CODE_SIGN_STYLE = Automatic;
				DEVELOPMENT_TEAM = WDVRK9UE68;
				INFOPLIST_FILE = PokemonLister/Info.plist;
				IPHONEOS_DEPLOYMENT_TARGET = 11.0;
				LD_RUNPATH_SEARCH_PATHS = (
					"$(inherited)",
					"@executable_path/Frameworks",
				);
				PRODUCT_BUNDLE_IDENTIFIER = com.adriantineo.PokemonLister;
				PRODUCT_NAME = "$(TARGET_NAME)";
				SWIFT_VERSION = 5.0;
				TARGETED_DEVICE_FAMILY = "1,2";
			};
			name = Debug;
		};
		0B5D032E249C9E5500C4ACE9 /* Release */ = {
			isa = XCBuildConfiguration;
			buildSettings = {
				ASSETCATALOG_COMPILER_APPICON_NAME = AppIcon;
				CODE_SIGN_STYLE = Automatic;
				DEVELOPMENT_TEAM = WDVRK9UE68;
				INFOPLIST_FILE = PokemonLister/Info.plist;
				IPHONEOS_DEPLOYMENT_TARGET = 11.0;
				LD_RUNPATH_SEARCH_PATHS = (
					"$(inherited)",
					"@executable_path/Frameworks",
				);
				PRODUCT_BUNDLE_IDENTIFIER = com.adriantineo.PokemonLister;
				PRODUCT_NAME = "$(TARGET_NAME)";
				SWIFT_VERSION = 5.0;
				TARGETED_DEVICE_FAMILY = "1,2";
			};
			name = Release;
		};
		0B5D0330249C9E5500C4ACE9 /* Debug */ = {
			isa = XCBuildConfiguration;
			buildSettings = {
				ALWAYS_EMBED_SWIFT_STANDARD_LIBRARIES = YES;
				BUNDLE_LOADER = "$(TEST_HOST)";
				CLANG_ENABLE_MODULES = YES;
				CODE_SIGN_STYLE = Automatic;
				DEVELOPMENT_TEAM = WDVRK9UE68;
				INFOPLIST_FILE = PokemonListerTests/Info.plist;
				IPHONEOS_DEPLOYMENT_TARGET = 13.5;
				LD_RUNPATH_SEARCH_PATHS = (
					"$(inherited)",
					"@executable_path/Frameworks",
					"@loader_path/Frameworks",
				);
				PRODUCT_BUNDLE_IDENTIFIER = com.adriantineo.PokemonListerTests;
				PRODUCT_NAME = "$(TARGET_NAME)";
				SWIFT_OBJC_BRIDGING_HEADER = "PokemonListerTests/PokemonListerTests-Bridging-Header.h";
				SWIFT_OPTIMIZATION_LEVEL = "-Onone";
				SWIFT_VERSION = 5.0;
				TARGETED_DEVICE_FAMILY = "1,2";
				TEST_HOST = "$(BUILT_PRODUCTS_DIR)/PokemonLister.app/PokemonLister";
			};
			name = Debug;
		};
		0B5D0331249C9E5500C4ACE9 /* Release */ = {
			isa = XCBuildConfiguration;
			buildSettings = {
				ALWAYS_EMBED_SWIFT_STANDARD_LIBRARIES = YES;
				BUNDLE_LOADER = "$(TEST_HOST)";
				CLANG_ENABLE_MODULES = YES;
				CODE_SIGN_STYLE = Automatic;
				DEVELOPMENT_TEAM = WDVRK9UE68;
				INFOPLIST_FILE = PokemonListerTests/Info.plist;
				IPHONEOS_DEPLOYMENT_TARGET = 13.5;
				LD_RUNPATH_SEARCH_PATHS = (
					"$(inherited)",
					"@executable_path/Frameworks",
					"@loader_path/Frameworks",
				);
				PRODUCT_BUNDLE_IDENTIFIER = com.adriantineo.PokemonListerTests;
				PRODUCT_NAME = "$(TARGET_NAME)";
				SWIFT_OBJC_BRIDGING_HEADER = "PokemonListerTests/PokemonListerTests-Bridging-Header.h";
				SWIFT_VERSION = 5.0;
				TARGETED_DEVICE_FAMILY = "1,2";
				TEST_HOST = "$(BUILT_PRODUCTS_DIR)/PokemonLister.app/PokemonLister";
			};
			name = Release;
		};
/* End XCBuildConfiguration section */

/* Begin XCConfigurationList section */
		0B5D0308249C9E5000C4ACE9 /* Build configuration list for PBXProject "PokemonLister" */ = {
			isa = XCConfigurationList;
			buildConfigurations = (
				0B5D032A249C9E5500C4ACE9 /* Debug */,
				0B5D032B249C9E5500C4ACE9 /* Release */,
			);
			defaultConfigurationIsVisible = 0;
			defaultConfigurationName = Release;
		};
		0B5D032C249C9E5500C4ACE9 /* Build configuration list for PBXNativeTarget "PokemonLister" */ = {
			isa = XCConfigurationList;
			buildConfigurations = (
				0B5D032D249C9E5500C4ACE9 /* Debug */,
				0B5D032E249C9E5500C4ACE9 /* Release */,
			);
			defaultConfigurationIsVisible = 0;
			defaultConfigurationName = Release;
		};
		0B5D032F249C9E5500C4ACE9 /* Build configuration list for PBXNativeTarget "PokemonListerTests" */ = {
			isa = XCConfigurationList;
			buildConfigurations = (
				0B5D0330249C9E5500C4ACE9 /* Debug */,
				0B5D0331249C9E5500C4ACE9 /* Release */,
			);
			defaultConfigurationIsVisible = 0;
			defaultConfigurationName = Release;
		};
/* End XCConfigurationList section */
	};
	rootObject = 0B5D0305249C9E5000C4ACE9 /* Project object */;
}
